
Microsoft Visual Studio Solution File, Format Version 12.00
# Visual Studio Version 17
VisualStudioVersion = 17.9.34714.143
MinimumVisualStudioVersion = 10.0.40219.1
Project("{FAE04EC0-301F-11D3-BF4B-00C04F79EFBC}") = "FlagFeatureSystem", "FlagFeatureSystem.csproj", "{8CE61869-7593-4F7F-99AA-2F70CF192B63}"
EndProject
Global
	GlobalSection(SolutionConfigurationPlatforms) = preSolution
		Debug|Any CPU = Debug|Any CPU
		Release|Any CPU = Release|Any CPU
	EndGlobalSection
	GlobalSection(ProjectConfigurationPlatforms) = postSolution
		{8CE61869-7593-4F7F-99AA-2F70CF192B63}.Debug|Any CPU.ActiveCfg = Debug|Any CPU
		{8CE61869-7593-4F7F-99AA-2F70CF192B63}.Debug|Any CPU.Build.0 = Debug|Any CPU
		{8CE61869-7593-4F7F-99AA-2F70CF192B63}.Release|Any CPU.ActiveCfg = Release|Any CPU
		{8CE61869-7593-4F7F-99AA-2F70CF192B63}.Release|Any CPU.Build.0 = Release|Any CPU
	EndGlobalSection
	GlobalSection(SolutionProperties) = preSolution
		HideSolutionNode = FALSE
	EndGlobalSection
	GlobalSection(ExtensibilityGlobals) = postSolution
		SolutionGuid = {23D06039-B87F-426E-AC26-C6A57C018E08}
	EndGlobalSection
EndGlobal
